
Microsoft Visual Studio Solution File, Format Version 12.00
# Visual Studio Version 16
VisualStudioVersion = 16.0.810.21
MinimumVisualStudioVersion = 10.0.40219.1
Project("{FAE04EC0-301F-11D3-BF4B-00C04F79EFBC}") = "SoftwarePlannerUI", "SoftwarePlannerUI.csproj", "{EADBCEE7-CA3B-4289-9D3B-601E8D999DEF}"
EndProject
Global
	GlobalSection(SolutionConfigurationPlatforms) = preSolution
		Debug|Any CPU = Debug|Any CPU
		Release|Any CPU = Release|Any CPU
	EndGlobalSection
	GlobalSection(ProjectConfigurationPlatforms) = postSolution
		{EADBCEE7-CA3B-4289-9D3B-601E8D999DEF}.Debug|Any CPU.ActiveCfg = Debug|Any CPU
		{EADBCEE7-CA3B-4289-9D3B-601E8D999DEF}.Debug|Any CPU.Build.0 = Debug|Any CPU
		{EADBCEE7-CA3B-4289-9D3B-601E8D999DEF}.Release|Any CPU.ActiveCfg = Release|Any CPU
		{EADBCEE7-CA3B-4289-9D3B-601E8D999DEF}.Release|Any CPU.Build.0 = Release|Any CPU
	EndGlobalSection
	GlobalSection(SolutionProperties) = preSolution
		HideSolutionNode = FALSE
	EndGlobalSection
	GlobalSection(ExtensibilityGlobals) = postSolution
		SolutionGuid = {40DD6B57-FFCD-4CD5-BEE9-4626CDFE7D0E}
	EndGlobalSection
EndGlobal
